
Microsoft Visual Studio Solution File, Format Version 12.00
# Visual Studio Version 17
VisualStudioVersion = 17.14.36202.13 d17.14
MinimumVisualStudioVersion = 10.0.40219.1
Project("{FAE04EC0-301F-11D3-BF4B-00C04F79EFBC}") = "feladat202509.16", "feladat202509.16\feladat202509.16.csproj", "{387DAF0F-2704-40EA-974A-23BE80A12233}"
EndProject
Global
	GlobalSection(SolutionConfigurationPlatforms) = preSolution
		Debug|Any CPU = Debug|Any CPU
		Release|Any CPU = Release|Any CPU
	EndGlobalSection
	GlobalSection(ProjectConfigurationPlatforms) = postSolution
		{387DAF0F-2704-40EA-974A-23BE80A12233}.Debug|Any CPU.ActiveCfg = Debug|Any CPU
		{387DAF0F-2704-40EA-974A-23BE80A12233}.Debug|Any CPU.Build.0 = Debug|Any CPU
		{387DAF0F-2704-40EA-974A-23BE80A12233}.Release|Any CPU.ActiveCfg = Release|Any CPU
		{387DAF0F-2704-40EA-974A-23BE80A12233}.Release|Any CPU.Build.0 = Release|Any CPU
	EndGlobalSection
	GlobalSection(SolutionProperties) = preSolution
		HideSolutionNode = FALSE
	EndGlobalSection
	GlobalSection(ExtensibilityGlobals) = postSolution
		SolutionGuid = {BA4B0D8F-B652-4167-BE69-D5258B8A4BC9}
	EndGlobalSection
EndGlobal
